Microsoft Visual Studio Solution File, Format Version 12.00
# Visual Studio Version 17
VisualStudioVersion = 17.0.32014.148
MinimumVisualStudioVersion = 10.0.40219.1
Project("{FAE04EC0-301F-11D3-BF4B-00C04F79EFBC}") = "DesktopClockWidget", "DesktopClockWidget.csproj", "{3A0C81C3-0F4A-4C7A-BD7B-0A266D402C60}"
EndProject
Global
	GlobalSection(SolutionConfigurationPlatforms) = preSolution
		Debug|Any CPU = Debug|Any CPU
		Debug|x64 = Debug|x64
		Release|Any CPU = Release|Any CPU
		Release|x64 = Release|x64
	EndGlobalSection
	GlobalSection(ProjectConfigurationPlatforms) = postSolution
		{3A0C81C3-0F4A-4C7A-BD7B-0A266D402C60}.Debug|Any CPU.ActiveCfg = Debug|Any CPU
		{3A0C81C3-0F4A-4C7A-BD7B-0A266D402C60}.Debug|Any CPU.Build.0 = Debug|Any CPU
		{3A0C81C3-0F4A-4C7A-BD7B-0A266D402C60}.Debug|x64.ActiveCfg = Debug|Any CPU
		{3A0C81C3-0F4A-4C7A-BD7B-0A266D402C60}.Release|Any CPU.ActiveCfg = Release|Any CPU
		{3A0C81C3-0F4A-4C7A-BD7B-0A266D402C60}.Release|Any CPU.Build.0 = Release|Any CPU
		{3A0C81C3-0F4A-4C7A-BD7B-0A266D402C60}.Release|x64.ActiveCfg = Release|Any CPU
	EndGlobalSection
	GlobalSection(SolutionProperties) = preSolution
		HideSolutionNode = FALSE
	EndGlobalSection
	GlobalSection(ExtensibilityGlobals) = postSolution
		SolutionGuid = {9F7E91A7-9D03-4A38-87B5-00F0F8F0C309}
	EndGlobalSection
EndGlobal
